
Microsoft Visual Studio Solution File, Format Version 12.00
# Visual Studio Version 17
VisualStudioVersion = 17.5.33414.496
MinimumVisualStudioVersion = 10.0.40219.1
Project("{9A19103F-16F7-4668-BE54-9A1E7A4F7556}") = "DddInPractice.Logic", "DddInPractice.Logic\DddInPractice.Logic.csproj", "{B0A89D81-EB87-4C36-891D-B95306B6DB86}"
EndProject
Project("{9A19103F-16F7-4668-BE54-9A1E7A4F7556}") = "DddInPractice.Tests", "DddInPractice.Tests\DddInPractice.Tests.csproj", "{5968DCE2-9ED6-414E-8032-241F03ADB76A}"
EndProject
Project("{9A19103F-16F7-4668-BE54-9A1E7A4F7556}") = "DddInPractice.UI", "DddInPractice.UI\DddInPractice.UI.csproj", "{D175E580-B77D-4FCB-B1F0-5F5123677E96}"
EndProject
Global
	GlobalSection(SolutionConfigurationPlatforms) = preSolution
		Debug|Any CPU = Debug|Any CPU
		Release|Any CPU = Release|Any CPU
	EndGlobalSection
	GlobalSection(ProjectConfigurationPlatforms) = postSolution
		{B0A89D81-EB87-4C36-891D-B95306B6DB86}.Debug|Any CPU.ActiveCfg = Debug|Any CPU
		{B0A89D81-EB87-4C36-891D-B95306B6DB86}.Debug|Any CPU.Build.0 = Debug|Any CPU
		{B0A89D81-EB87-4C36-891D-B95306B6DB86}.Release|Any CPU.ActiveCfg = Release|Any CPU
		{B0A89D81-EB87-4C36-891D-B95306B6DB86}.Release|Any CPU.Build.0 = Release|Any CPU
		{5968DCE2-9ED6-414E-8032-241F03ADB76A}.Debug|Any CPU.ActiveCfg = Debug|Any CPU
		{5968DCE2-9ED6-414E-8032-241F03ADB76A}.Debug|Any CPU.Build.0 = Debug|Any CPU
		{5968DCE2-9ED6-414E-8032-241F03ADB76A}.Release|Any CPU.ActiveCfg = Release|Any CPU
		{5968DCE2-9ED6-414E-8032-241F03ADB76A}.Release|Any CPU.Build.0 = Release|Any CPU
		{D175E580-B77D-4FCB-B1F0-5F5123677E96}.Debug|Any CPU.ActiveCfg = Debug|Any CPU
		{D175E580-B77D-4FCB-B1F0-5F5123677E96}.Debug|Any CPU.Build.0 = Debug|Any CPU
		{D175E580-B77D-4FCB-B1F0-5F5123677E96}.Release|Any CPU.ActiveCfg = Release|Any CPU
		{D175E580-B77D-4FCB-B1F0-5F5123677E96}.Release|Any CPU.Build.0 = Release|Any CPU
	EndGlobalSection
	GlobalSection(SolutionProperties) = preSolution
		HideSolutionNode = FALSE
	EndGlobalSection
	GlobalSection(ExtensibilityGlobals) = postSolution
		SolutionGuid = {049AFD36-0497-4126-8182-22F145AF0B51}
	EndGlobalSection
EndGlobal
